// !$*UTF8*$!
{
	archiveVersion = 1;
	classes = {
	};
	objectVersion = 50;
	objects = {

/* Begin PBXBuildFile section */
		82C647E0221D69DE0010A33E /* AppDelegate.swift in Sources */ = {isa = PBXBuildFile; fileRef = 82C647DF221D69DE0010A33E /* AppDelegate.swift */; };
		82C647E2221D69DE0010A33E /* ViewController.swift in Sources */ = {isa = PBXBuildFile; fileRef = 82C647E1221D69DE0010A33E /* ViewController.swift */; };
		82C647E5221D69DE0010A33E /* Main.storyboard in Resources */ = {isa = PBXBuildFile; fileRef = 82C647E3221D69DE0010A33E /* Main.storyboard */; };
		82C647E7221D69DF0010A33E /* Assets.xcassets in Resources */ = {isa = PBXBuildFile; fileRef = 82C647E6221D69DF0010A33E /* Assets.xcassets */; };
		82C647EA221D69DF0010A33E /* LaunchScreen.storyboard in Resources */ = {isa = PBXBuildFile; fileRef = 82C647E8221D69DF0010A33E /* LaunchScreen.storyboard */; };
		82C647F5221D69DF0010A33E /* Todo3Tests.swift in Sources */ = {isa = PBXBuildFile; fileRef = 82C647F4221D69DF0010A33E /* Todo3Tests.swift */; };
		82C64800221D69DF0010A33E /* Todo3UITests.swift in Sources */ = {isa = PBXBuildFile; fileRef = 82C647FF221D69DF0010A33E /* Todo3UITests.swift */; };
/* End PBXBuildFile section */

/* Begin PBXContainerItemProxy section */
		82C647F1221D69DF0010A33E /* PBXContainerItemProxy */ = {
			isa = PBXContainerItemProxy;
			containerPortal = 82C647D4221D69DE0010A33E /* Project object */;
			proxyType = 1;
			remoteGlobalIDString = 82C647DB221D69DE0010A33E;
			remoteInfo = Todo3;
		};
		82C647FC221D69DF0010A33E /* PBXContainerItemProxy */ = {
			isa = PBXContainerItemProxy;
			containerPortal = 82C647D4221D69DE0010A33E /* Project object */;
			proxyType = 1;
			remoteGlobalIDString = 82C647DB221D69DE0010A33E;
			remoteInfo = Todo3;
		};
/* End PBXContainerItemProxy section */

/* Begin PBXFileReference section */
		82C647DC221D69DE0010A33E /* Todo3.app */ = {isa = PBXFileReference; explicitFileType = wrapper.application; includeInIndex = 0; path = Todo3.app; sourceTree = BUILT_PRODUCTS_DIR; };
		82C647DF221D69DE0010A33E /* AppDelegate.swift */ = {isa = PBXFileReference; lastKnownFileType = sourcecode.swift; path = AppDelegate.swift; sourceTree = "<group>"; };
		82C647E1221D69DE0010A33E /* ViewController.swift */ = {isa = PBXFileReference; lastKnownFileType = sourcecode.swift; path = ViewController.swift; sourceTree = "<group>"; };
		82C647E4221D69DE0010A33E /* Base */ = {isa = PBXFileReference; lastKnownFileType = file.storyboard; name = Base; path = Base.lproj/Main.storyboard; sourceTree = "<group>"; };
		82C647E6221D69DF0010A33E /* Assets.xcassets */ = {isa = PBXFileReference; lastKnownFileType = folder.assetcatalog; path = Assets.xcassets; sourceTree = "<group>"; };
		82C647E9221D69DF0010A33E /* Base */ = {isa = PBXFileReference; lastKnownFileType = file.storyboard; name = Base; path = Base.lproj/LaunchScreen.storyboard; sourceTree = "<group>"; };
		82C647EB221D69DF0010A33E /* Info.plist */ = {isa = PBXFileReference; lastKnownFileType = text.plist.xml; path = Info.plist; sourceTree = "<group>"; };
		82C647F0221D69DF0010A33E /* Todo3Tests.xctest */ = {isa = PBXFileReference; explicitFileType = wrapper.cfbundle; includeInIndex = 0; path = Todo3Tests.xctest; sourceTree = BUILT_PRODUCTS_DIR; };
		82C647F4221D69DF0010A33E /* Todo3Tests.swift */ = {isa = PBXFileReference; lastKnownFileType = sourcecode.swift; path = Todo3Tests.swift; sourceTree = "<group>"; };
		82C647F6221D69DF0010A33E /* Info.plist */ = {isa = PBXFileReference; lastKnownFileType = text.plist.xml; path = Info.plist; sourceTree = "<group>"; };
		82C647FB221D69DF0010A33E /* Todo3UITests.xctest */ = {isa = PBXFileReference; explicitFileType = wrapper.cfbundle; includeInIndex = 0; path = Todo3UITests.xctest; sourceTree = BUILT_PRODUCTS_DIR; };
		82C647FF221D69DF0010A33E /* Todo3UITests.swift */ = {isa = PBXFileReference; lastKnownFileType = sourcecode.swift; path = Todo3UITests.swift; sourceTree = "<group>"; };
		82C64801221D69DF0010A33E /* Info.plist */ = {isa = PBXFileReference; lastKnownFileType = text.plist.xml; path = Info.plist; sourceTree = "<group>"; };
/* End PBXFileReference section */

/* Begin PBXFrameworksBuildPhase section */
		82C647D9221D69DE0010A33E /* Frameworks */ = {
			isa = PBXFrameworksBuildPhase;
			buildActionMask = 2147483647;
			files = (
			);
			runOnlyForDeploymentPostprocessing = 0;
		};
		82C647ED221D69DF0010A33E /* Frameworks */ = {
			isa = PBXFrameworksBuildPhase;
			buildActionMask = 2147483647;
			files = (
			);
			runOnlyForDeploymentPostprocessing = 0;
		};
		82C647F8221D69DF0010A33E /* Frameworks */ = {
			isa = PBXFrameworksBuildPhase;
			buildActionMask = 2147483647;
			files = (
			);
			runOnlyForDeploymentPostprocessing = 0;
		};
/* End PBXFrameworksBuildPhase section */

/* Begin PBXGroup section */
		82C647D3221D69DE0010A33E = {
			isa = PBXGroup;
			children = (
				82C647DE221D69DE0010A33E /* Todo3 */,
				82C647F3221D69DF0010A33E /* Todo3Tests */,
				82C647FE221D69DF0010A33E /* Todo3UITests */,
				82C647DD221D69DE0010A33E /* Products */,
			);
			sourceTree = "<group>";
		};
		82C647DD221D69DE0010A33E /* Products */ = {
			isa = PBXGroup;
			children = (
				82C647DC221D69DE0010A33E /* Todo3.app */,
				82C647F0221D69DF0010A33E /* Todo3Tests.xctest */,
				82C647FB221D69DF0010A33E /* Todo3UITests.xctest */,
			);
			name = Products;
			sourceTree = "<group>";
		};
		82C647DE221D69DE0010A33E /* Todo3 */ = {
			isa = PBXGroup;
			children = (
				82C647DF221D69DE0010A33E /* AppDelegate.swift */,
				82C647E1221D69DE0010A33E /* ViewController.swift */,
				82C647E3221D69DE0010A33E /* Main.storyboard */,
				82C647E6221D69DF0010A33E /* Assets.xcassets */,
				82C647E8221D69DF0010A33E /* LaunchScreen.storyboard */,
				82C647EB221D69DF0010A33E /* Info.plist */,
			);
			path = Todo3;
			sourceTree = "<group>";
		};
		82C647F3221D69DF0010A33E /* Todo3Tests */ = {
			isa = PBXGroup;
			children = (
				82C647F4221D69DF0010A33E /* Todo3Tests.swift */,
				82C647F6221D69DF0010A33E /* Info.plist */,
			);
			path = Todo3Tests;
			sourceTree = "<group>";
		};
		82C647FE221D69DF0010A33E /* Todo3UITests */ = {
			isa = PBXGroup;
			children = (
				82C647FF221D69DF0010A33E /* Todo3UITests.swift */,
				82C64801221D69DF0010A33E /* Info.plist */,
			);
			path = Todo3UITests;
			sourceTree = "<group>";
		};
/* End PBXGroup section */

/* Begin PBXNativeTarget section */
		82C647DB221D69DE0010A33E /* Todo3 */ = {
			isa = PBXNativeTarget;
			buildConfigurationList = 82C64804221D69DF0010A33E /* Build configuration list for PBXNativeTarget "Todo3" */;
			buildPhases = (
				82C647D8221D69DE0010A33E /* Sources */,
				82C647D9221D69DE0010A33E /* Frameworks */,
				82C647DA221D69DE0010A33E /* Resources */,
			);
			buildRules = (
			);
			dependencies = (
			);
			name = Todo3;
			productName = Todo3;
			productReference = 82C647DC221D69DE0010A33E /* Todo3.app */;
			productType = "com.apple.product-type.application";
		};
		82C647EF221D69DF0010A33E /* Todo3Tests */ = {
			isa = PBXNativeTarget;
			buildConfigurationList = 82C64807221D69DF0010A33E /* Build configuration list for PBXNativeTarget "Todo3Tests" */;
			buildPhases = (
				82C647EC221D69DF0010A33E /* Sources */,
				82C647ED221D69DF0010A33E /* Frameworks */,
				82C647EE221D69DF0010A33E /* Resources */,
			);
			buildRules = (
			);
			dependencies = (
				82C647F2221D69DF0010A33E /* PBXTargetDependency */,
			);
			name = Todo3Tests;
			productName = Todo3Tests;
			productReference = 82C647F0221D69DF0010A33E /* Todo3Tests.xctest */;
			productType = "com.apple.product-type.bundle.unit-test";
		};
		82C647FA221D69DF0010A33E /* Todo3UITests */ = {
			isa = PBXNativeTarget;
			buildConfigurationList = 82C6480A221D69DF0010A33E /* Build configuration list for PBXNativeTarget "Todo3UITests" */;
			buildPhases = (
				82C647F7221D69DF0010A33E /* Sources */,
				82C647F8221D69DF0010A33E /* Frameworks */,
				82C647F9221D69DF0010A33E /* Resources */,
			);
			buildRules = (
			);
			dependencies = (
				82C647FD221D69DF0010A33E /* PBXTargetDependency */,
			);
			name = Todo3UITests;
			productName = Todo3UITests;
			productReference = 82C647FB221D69DF0010A33E /* Todo3UITests.xctest */;
			productType = "com.apple.product-type.bundle.ui-testing";
		};
/* End PBXNativeTarget section */

/* Begin PBXProject section */
		82C647D4221D69DE0010A33E /* Project object */ = {
			isa = PBXProject;
			attributes = {
				LastSwiftUpdateCheck = 1010;
				LastUpgradeCheck = 1010;
				ORGANIZATIONNAME = "Kiyoto Ryuman";
				TargetAttributes = {
					82C647DB221D69DE0010A33E = {
						CreatedOnToolsVersion = 10.1;
					};
					82C647EF221D69DF0010A33E = {
						CreatedOnToolsVersion = 10.1;
						TestTargetID = 82C647DB221D69DE0010A33E;
					};
					82C647FA221D69DF0010A33E = {
						CreatedOnToolsVersion = 10.1;
						TestTargetID = 82C647DB221D69DE0010A33E;
					};
				};
			};
			buildConfigurationList = 82C647D7221D69DE0010A33E /* Build configuration list for PBXProject "Todo3" */;
			compatibilityVersion = "Xcode 9.3";
			developmentRegion = en;
			hasScannedForEncodings = 0;
			knownRegions = (
				en,
				Base,
			);
			mainGroup = 82C647D3221D69DE0010A33E;
			productRefGroup = 82C647DD221D69DE0010A33E /* Products */;
			projectDirPath = "";
			projectRoot = "";
			targets = (
				82C647DB221D69DE0010A33E /* Todo3 */,
				82C647EF221D69DF0010A33E /* Todo3Tests */,
				82C647FA221D69DF0010A33E /* Todo3UITests */,
			);
		};
/* End PBXProject section */

/* Begin PBXResourcesBuildPhase section */
		82C647DA221D69DE0010A33E /* Resources */ = {
			isa = PBXResourcesBuildPhase;
			buildActionMask = 2147483647;
			files = (
				82C647EA221D69DF0010A33E /* LaunchScreen.storyboard in Resources */,
				82C647E7221D69DF0010A33E /* Assets.xcassets in Resources */,
				82C647E5221D69DE0010A33E /* Main.storyboard in Resources */,
			);
			runOnlyForDeploymentPostprocessing = 0;
		};
		82C647EE221D69DF0010A33E /* Resources */ = {
			isa = PBXResourcesBuildPhase;
			buildActionMask = 2147483647;
			files = (
			);
			runOnlyForDeploymentPostprocessing = 0;
		};
		82C647F9221D69DF0010A33E /* Resources */ = {
			isa = PBXResourcesBuildPhase;
			buildActionMask = 2147483647;
			files = (
			);
			runOnlyForDeploymentPostprocessing = 0;
		};
/* End PBXResourcesBuildPhase section */

/* Begin PBXSourcesBuildPhase section */
		82C647D8221D69DE0010A33E /* Sources */ = {
			isa = PBXSourcesBuildPhase;
			buildActionMask = 2147483647;
			files = (
				82C647E2221D69DE0010A33E /* ViewController.swift in Sources */,
				82C647E0221D69DE0010A33E /* AppDelegate.swift in Sources */,
			);
			runOnlyForDeploymentPostprocessing = 0;
		};
		82C647EC221D69DF0010A33E /* Sources */ = {
			isa = PBXSourcesBuildPhase;
			buildActionMask = 2147483647;
			files = (
				82C647F5221D69DF0010A33E /* Todo3Tests.swift in Sources */,
			);
			runOnlyForDeploymentPostprocessing = 0;
		};
		82C647F7221D69DF0010A33E /* Sources */ = {
			isa = PBXSourcesBuildPhase;
			buildActionMask = 2147483647;
			files = (
				82C64800221D69DF0010A33E /* Todo3UITests.swift in Sources */,
			);
			runOnlyForDeploymentPostprocessing = 0;
		};
/* End PBXSourcesBuildPhase section */

/* Begin PBXTargetDependency section */
		82C647F2221D69DF0010A33E /* PBXTargetDependency */ = {
			isa = PBXTargetDependency;
			target = 82C647DB221D69DE0010A33E /* Todo3 */;
			targetProxy = 82C647F1221D69DF0010A33E /* PBXContainerItemProxy */;
		};
		82C647FD221D69DF0010A33E /* PBXTargetDependency */ = {
			isa = PBXTargetDependency;
			target = 82C647DB221D69DE0010A33E /* Todo3 */;
			targetProxy = 82C647FC221D69DF0010A33E /* PBXContainerItemProxy */;
		};
/* End PBXTargetDependency section */

/* Begin PBXVariantGroup section */
		82C647E3221D69DE0010A33E /* Main.storyboard */ = {
			isa = PBXVariantGroup;
			children = (
				82C647E4221D69DE0010A33E /* Base */,
			);
			name = Main.storyboard;
			sourceTree = "<group>";
		};
		82C647E8221D69DF0010A33E /* LaunchScreen.storyboard */ = {
			isa = PBXVariantGroup;
			children = (
				82C647E9221D69DF0010A33E /* Base */,
			);
			name = LaunchScreen.storyboard;
			sourceTree = "<group>";
		};
/* End PBXVariantGroup section */

/* Begin XCBuildConfiguration section */
		82C64802221D69DF0010A33E /* Debug */ = {
			isa = XCBuildConfiguration;
			buildSettings = {
				ALWAYS_SEARCH_USER_PATHS = NO;
				CLANG_ANALYZER_NONNULL = YES;
				CLANG_ANALYZER_NUMBER_OBJECT_CONVERSION = YES_AGGRESSIVE;
				CLANG_CXX_LANGUAGE_STANDARD = "gnu++14";
				CLANG_CXX_LIBRARY = "libc++";
				CLANG_ENABLE_MODULES = YES;
				CLANG_ENABLE_OBJC_ARC = YES;
				CLANG_ENABLE_OBJC_WEAK = YES;
				CLANG_WARN_BLOCK_CAPTURE_AUTORELEASING = YES;
				CLANG_WARN_BOOL_CONVERSION = YES;
				CLANG_WARN_COMMA = YES;
				CLANG_WARN_CONSTANT_CONVERSION = YES;
				CLANG_WARN_DEPRECATED_OBJC_IMPLEMENTATIONS = YES;
				CLANG_WARN_DIRECT_OBJC_ISA_USAGE = YES_ERROR;
				CLANG_WARN_DOCUMENTATION_COMMENTS = YES;
				CLANG_WARN_EMPTY_BODY = YES;
				CLANG_WARN_ENUM_CONVERSION = YES;
				CLANG_WARN_INFINITE_RECURSION = YES;
				CLANG_WARN_INT_CONVERSION = YES;
				CLANG_WARN_NON_LITERAL_NULL_CONVERSION = YES;
				CLANG_WARN_OBJC_IMPLICIT_RETAIN_SELF = YES;
				CLANG_WARN_OBJC_LITERAL_CONVERSION = YES;
				CLANG_WARN_OBJC_ROOT_CLASS = YES_ERROR;
				CLANG_WARN_RANGE_LOOP_ANALYSIS = YES;
				CLANG_WARN_STRICT_PROTOTYPES = YES;
				CLANG_WARN_SUSPICIOUS_MOVE = YES;
				CLANG_WARN_UNGUARDED_AVAILABILITY = YES_AGGRESSIVE;
				CLANG_WARN_UNREACHABLE_CODE = YES;
				CLANG_WARN__DUPLICATE_METHOD_MATCH = YES;
				CODE_SIGN_IDENTITY = "iPhone Developer";
				COPY_PHASE_STRIP = NO;
				DEBUG_INFORMATION_FORMAT = dwarf;
				ENABLE_STRICT_OBJC_MSGSEND = YES;
				ENABLE_TESTABILITY = YES;
				GCC_C_LANGUAGE_STANDARD = gnu11;
				GCC_DYNAMIC_NO_PIC = NO;
				GCC_NO_COMMON_BLOCKS = YES;
				GCC_OPTIMIZATION_LEVEL = 0;
				GCC_PREPROCESSOR_DEFINITIONS = (
					"DEBUG=1",
					"$(inherited)",
				);
				GCC_WARN_64_TO_32_BIT_CONVERSION = YES;
				GCC_WARN_ABOUT_RETURN_TYPE = YES_ERROR;
				GCC_WARN_UNDECLARED_SELECTOR = YES;
				GCC_WARN_UNINITIALIZED_AUTOS = YES_AGGRESSIVE;
				GCC_WARN_UNUSED_FUNCTION = YES;
				GCC_WARN_UNUSED_VARIABLE = YES;
				IPHONEOS_DEPLOYMENT_TARGET = 12.1;
				MTL_ENABLE_DEBUG_INFO = INCLUDE_SOURCE;
				MTL_FAST_MATH = YES;
				ONLY_ACTIVE_ARCH = YES;
				SDKROOT = iphoneos;
				SWIFT_ACTIVE_COMPILATION_CONDITIONS = DEBUG;
				SWIFT_OPTIMIZATION_LEVEL = "-Onone";
			};
			name = Debug;
		};
		82C64803221D69DF0010A33E /* Release */ = {
			isa = XCBuildConfiguration;
			buildSettings = {
				ALWAYS_SEARCH_USER_PATHS = NO;
				CLANG_ANALYZER_NONNULL = YES;
				CLANG_ANALYZER_NUMBER_OBJECT_CONVERSION = YES_AGGRESSIVE;
				CLANG_CXX_LANGUAGE_STANDARD = "gnu++14";
				CLANG_CXX_LIBRARY = "libc++";
				CLANG_ENABLE_MODULES = YES;
				CLANG_ENABLE_OBJC_ARC = YES;
				CLANG_ENABLE_OBJC_WEAK = YES;
				CLANG_WARN_BLOCK_CAPTURE_AUTORELEASING = YES;
				CLANG_WARN_BOOL_CONVERSION = YES;
				CLANG_WARN_COMMA = YES;
				CLANG_WARN_CONSTANT_CONVERSION = YES;
				CLANG_WARN_DEPRECATED_OBJC_IMPLEMENTATIONS = YES;
				CLANG_WARN_DIRECT_OBJC_ISA_USAGE = YES_ERROR;
				CLANG_WARN_DOCUMENTATION_COMMENTS = YES;
				CLANG_WARN_EMPTY_BODY = YES;
				CLANG_WARN_ENUM_CONVERSION = YES;
				CLANG_WARN_INFINITE_RECURSION = YES;
				CLANG_WARN_INT_CONVERSION = YES;
				CLANG_WARN_NON_LITERAL_NULL_CONVERSION = YES;
				CLANG_WARN_OBJC_IMPLICIT_RETAIN_SELF = YES;
				CLANG_WARN_OBJC_LITERAL_CONVERSION = YES;
				CLANG_WARN_OBJC_ROOT_CLASS = YES_ERROR;
				CLANG_WARN_RANGE_LOOP_ANALYSIS = YES;
				CLANG_WARN_STRICT_PROTOTYPES = YES;
				CLANG_WARN_SUSPICIOUS_MOVE = YES;
				CLANG_WARN_UNGUARDED_AVAILABILITY = YES_AGGRESSIVE;
				CLANG_WARN_UNREACHABLE_CODE = YES;
				CLANG_WARN__DUPLICATE_METHOD_MATCH = YES;
				CODE_SIGN_IDENTITY = "iPhone Developer";
				COPY_PHASE_STRIP = NO;
				DEBUG_INFORMATION_FORMAT = "dwarf-with-dsym";
				ENABLE_NS_ASSERTIONS = NO;
				ENABLE_STRICT_OBJC_MSGSEND = YES;
				GCC_C_LANGUAGE_STANDARD = gnu11;
				GCC_NO_COMMON_BLOCKS = YES;
				GCC_WARN_64_TO_32_BIT_CONVERSION = YES;
				GCC_WARN_ABOUT_RETURN_TYPE = YES_ERROR;
				GCC_WARN_UNDECLARED_SELECTOR = YES;
				GCC_WARN_UNINITIALIZED_AUTOS = YES_AGGRESSIVE;
				GCC_WARN_UNUSED_FUNCTION = YES;
				GCC_WARN_UNUSED_VARIABLE = YES;
				IPHONEOS_DEPLOYMENT_TARGET = 12.1;
				MTL_ENABLE_DEBUG_INFO = NO;
				MTL_FAST_MATH = YES;
				SDKROOT = iphoneos;
				SWIFT_COMPILATION_MODE = wholemodule;
				SWIFT_OPTIMIZATION_LEVEL = "-O";
				VALIDATE_PRODUCT = YES;
			};
			name = Release;
		};
		82C64805221D69DF0010A33E /* Debug */ = {
			isa = XCBuildConfiguration;
			buildSettings = {
				ASSETCATALOG_COMPILER_APPICON_NAME = AppIcon;
				CODE_SIGN_STYLE = Automatic;
				DEVELOPMENT_TEAM = KH2UHCDNT4;
				INFOPLIST_FILE = Todo3/Info.plist;
				LD_RUNPATH_SEARCH_PATHS = (
					"$(inherited)",
					"@executable_path/Frameworks",
				);
				PRODUCT_BUNDLE_IDENTIFIER = KiyotoRyuman.Todo3;
				PRODUCT_NAME = "$(TARGET_NAME)";
				SWIFT_VERSION = 4.2;
				TARGETED_DEVICE_FAMILY = "1,2";
			};
			name = Debug;
		};
		82C64806221D69DF0010A33E /* Release */ = {
			isa = XCBuildConfiguration;
			buildSettings = {
				ASSETCATALOG_COMPILER_APPICON_NAME = AppIcon;
				CODE_SIGN_STYLE = Automatic;
				DEVELOPMENT_TEAM = KH2UHCDNT4;
				INFOPLIST_FILE = Todo3/Info.plist;
				LD_RUNPATH_SEARCH_PATHS = (
					"$(inherited)",
					"@executable_path/Frameworks",
				);
				PRODUCT_BUNDLE_IDENTIFIER = KiyotoRyuman.Todo3;
				PRODUCT_NAME = "$(TARGET_NAME)";
				SWIFT_VERSION = 4.2;
				TARGETED_DEVICE_FAMILY = "1,2";
			};
			name = Release;
		};
		82C64808221D69DF0010A33E /* Debug */ = {
			isa = XCBuildConfiguration;
			buildSettings = {
				ALWAYS_EMBED_SWIFT_STANDARD_LIBRARIES = YES;
				BUNDLE_LOADER = "$(TEST_HOST)";
				CODE_SIGN_STYLE = Automatic;
				DEVELOPMENT_TEAM = KH2UHCDNT4;
				INFOPLIST_FILE = Todo3Tests/Info.plist;
				LD_RUNPATH_SEARCH_PATHS = (
					"$(inherited)",
					"@executable_path/Frameworks",
					"@loader_path/Frameworks",
				);
				PRODUCT_BUNDLE_IDENTIFIER = KiyotoRyuman.Todo3Tests;
				PRODUCT_NAME = "$(TARGET_NAME)";
				SWIFT_VERSION = 4.2;
				TARGETED_DEVICE_FAMILY = "1,2";
				TEST_HOST = "$(BUILT_PRODUCTS_DIR)/Todo3.app/Todo3";
			};
			name = Debug;
		};
		82C64809221D69DF0010A33E /* Release */ = {
			isa = XCBuildConfiguration;
			buildSettings = {
				ALWAYS_EMBED_SWIFT_STANDARD_LIBRARIES = YES;
				BUNDLE_LOADER = "$(TEST_HOST)";
				CODE_SIGN_STYLE = Automatic;
				DEVELOPMENT_TEAM = KH2UHCDNT4;
				INFOPLIST_FILE = Todo3Tests/Info.plist;
				LD_RUNPATH_SEARCH_PATHS = (
					"$(inherited)",
					"@executable_path/Frameworks",
					"@loader_path/Frameworks",
				);
				PRODUCT_BUNDLE_IDENTIFIER = KiyotoRyuman.Todo3Tests;
				PRODUCT_NAME = "$(TARGET_NAME)";
				SWIFT_VERSION = 4.2;
				TARGETED_DEVICE_FAMILY = "1,2";
				TEST_HOST = "$(BUILT_PRODUCTS_DIR)/Todo3.app/Todo3";
			};
			name = Release;
		};
		82C6480B221D69DF0010A33E /* Debug */ = {
			isa = XCBuildConfiguration;
			buildSettings = {
				ALWAYS_EMBED_SWIFT_STANDARD_LIBRARIES = YES;
				CODE_SIGN_STYLE = Automatic;
				DEVELOPMENT_TEAM = KH2UHCDNT4;
				INFOPLIST_FILE = Todo3UITests/Info.plist;
				LD_RUNPATH_SEARCH_PATHS = (
					"$(inherited)",
					"@executable_path/Frameworks",
					"@loader_path/Frameworks",
				);
				PRODUCT_BUNDLE_IDENTIFIER = KiyotoRyuman.Todo3UITests;
				PRODUCT_NAME = "$(TARGET_NAME)";
				SWIFT_VERSION = 4.2;
				TARGETED_DEVICE_FAMILY = "1,2";
				TEST_TARGET_NAME = Todo3;
			};
			name = Debug;
		};
		82C6480C221D69DF0010A33E /* Release */ = {
			isa = XCBuildConfiguration;
			buildSettings = {
				ALWAYS_EMBED_SWIFT_STANDARD_LIBRARIES = YES;
				CODE_SIGN_STYLE = Automatic;
				DEVELOPMENT_TEAM = KH2UHCDNT4;
				INFOPLIST_FILE = Todo3UITests/Info.plist;
				LD_RUNPATH_SEARCH_PATHS = (
					"$(inherited)",
					"@executable_path/Frameworks",
					"@loader_path/Frameworks",
				);
				PRODUCT_BUNDLE_IDENTIFIER = KiyotoRyuman.Todo3UITests;
				PRODUCT_NAME = "$(TARGET_NAME)";
				SWIFT_VERSION = 4.2;
				TARGETED_DEVICE_FAMILY = "1,2";
				TEST_TARGET_NAME = Todo3;
			};
			name = Release;
		};
/* End XCBuildConfiguration section */

/* Begin XCConfigurationList section */
		82C647D7221D69DE0010A33E /* Build configuration list for PBXProject "Todo3" */ = {
			isa = XCConfigurationList;
			buildConfigurations = (
				82C64802221D69DF0010A33E /* Debug */,
				82C64803221D69DF0010A33E /* Release */,
			);
			defaultConfigurationIsVisible = 0;
			defaultConfigurationName = Release;
		};
		82C64804221D69DF0010A33E /* Build configuration list for PBXNativeTarget "Todo3" */ = {
			isa = XCConfigurationList;
			buildConfigurations = (
				82C64805221D69DF0010A33E /* Debug */,
				82C64806221D69DF0010A33E /* Release */,
			);
			defaultConfigurationIsVisible = 0;
			defaultConfigurationName = Release;
		};
		82C64807221D69DF0010A33E /* Build configuration list for PBXNativeTarget "Todo3Tests" */ = {
			isa = XCConfigurationList;
			buildConfigurations = (
				82C64808221D69DF0010A33E /* Debug */,
				82C64809221D69DF0010A33E /* Release */,
			);
			defaultConfigurationIsVisible = 0;
			defaultConfigurationName = Release;
		};
		82C6480A221D69DF0010A33E /* Build configuration list for PBXNativeTarget "Todo3UITests" */ = {
			isa = XCConfigurationList;
			buildConfigurations = (
				82C6480B221D69DF0010A33E /* Debug */,
				82C6480C221D69DF0010A33E /* Release */,
			);
			defaultConfigurationIsVisible = 0;
			defaultConfigurationName = Release;
		};
/* End XCConfigurationList section */
	};
	rootObject = 82C647D4221D69DE0010A33E /* Project object */;
}
